// !$*UTF8*$!
{
	archiveVersion = 1;
	classes = {
	};
	objectVersion = 50;
	objects = {

/* Begin PBXBuildFile section */
		D76F0B2E2546CD85009725FE /* flickrSearch.swift in Sources */ = {isa = PBXBuildFile; fileRef = D76F0B2D2546CD85009725FE /* flickrSearch.swift */; };
		D76F0B332546CDF2009725FE /* Photos.swift in Sources */ = {isa = PBXBuildFile; fileRef = D76F0B322546CDF2009725FE /* Photos.swift */; };
		D76F0B382546CE47009725FE /* Photo.swift in Sources */ = {isa = PBXBuildFile; fileRef = D76F0B372546CE47009725FE /* Photo.swift */; };
		D76F0B452546FC51009725FE /* PhotoCellView.swift in Sources */ = {isa = PBXBuildFile; fileRef = D76F0B442546FC51009725FE /* PhotoCellView.swift */; };
		D76F0B7F2547066C009725FE /* VirtualTourist.xcdatamodeld in Sources */ = {isa = PBXBuildFile; fileRef = D76F0B7D2547066C009725FE /* VirtualTourist.xcdatamodeld */; };
		D76F0BA0254802BF009725FE /* Pin+CoreDataClass.swift in Sources */ = {isa = PBXBuildFile; fileRef = D76F0B9C254802BF009725FE /* Pin+CoreDataClass.swift */; };
		D76F0BA1254802BF009725FE /* Pin+CoreDataProperties.swift in Sources */ = {isa = PBXBuildFile; fileRef = D76F0B9D254802BF009725FE /* Pin+CoreDataProperties.swift */; };
		D76F0BBE25484D4D009725FE /* DataModel.swift in Sources */ = {isa = PBXBuildFile; fileRef = D76F0BBD25484D4D009725FE /* DataModel.swift */; };
		D77CAA2F2542E0A00083ABF2 /* DataController.swift in Sources */ = {isa = PBXBuildFile; fileRef = D77CAA2E2542E0A00083ABF2 /* DataController.swift */; };
		D7DB87032542AC8500F52EB3 /* AppDelegate.swift in Sources */ = {isa = PBXBuildFile; fileRef = D7DB87022542AC8500F52EB3 /* AppDelegate.swift */; };
		D7DB87052542AC8500F52EB3 /* SceneDelegate.swift in Sources */ = {isa = PBXBuildFile; fileRef = D7DB87042542AC8500F52EB3 /* SceneDelegate.swift */; };
		D7DB87072542AC8500F52EB3 /* MapViewController.swift in Sources */ = {isa = PBXBuildFile; fileRef = D7DB87062542AC8500F52EB3 /* MapViewController.swift */; };
		D7DB870A2542AC8500F52EB3 /* Main.storyboard in Resources */ = {isa = PBXBuildFile; fileRef = D7DB87082542AC8500F52EB3 /* Main.storyboard */; };
		D7DB870F2542AC8600F52EB3 /* Assets.xcassets in Resources */ = {isa = PBXBuildFile; fileRef = D7DB870E2542AC8600F52EB3 /* Assets.xcassets */; };
		D7DB87122542AC8600F52EB3 /* LaunchScreen.storyboard in Resources */ = {isa = PBXBuildFile; fileRef = D7DB87102542AC8600F52EB3 /* LaunchScreen.storyboard */; };
		D7DB871D2542AC8700F52EB3 /* VirtualTouristTests.swift in Sources */ = {isa = PBXBuildFile; fileRef = D7DB871C2542AC8700F52EB3 /* VirtualTouristTests.swift */; };
		D7DB87282542AC8700F52EB3 /* VirtualTouristUITests.swift in Sources */ = {isa = PBXBuildFile; fileRef = D7DB87272542AC8700F52EB3 /* VirtualTouristUITests.swift */; };
		D7DB87392542B1B000F52EB3 /* PhotoAlbumCollectionViewController.swift in Sources */ = {isa = PBXBuildFile; fileRef = D7DB87382542B1B000F52EB3 /* PhotoAlbumCollectionViewController.swift */; };
		D7DB87402542B50900F52EB3 /* FlickrClient.swift in Sources */ = {isa = PBXBuildFile; fileRef = D7DB873F2542B50900F52EB3 /* FlickrClient.swift */; };
		D7DB87502542D2ED00F52EB3 /* ErrorResponse.swift in Sources */ = {isa = PBXBuildFile; fileRef = D7DB874F2542D2ED00F52EB3 /* ErrorResponse.swift */; };
/* End PBXBuildFile section */

/* Begin PBXContainerItemProxy section */
		D7DB87192542AC8700F52EB3 /* PBXContainerItemProxy */ = {
			isa = PBXContainerItemProxy;
			containerPortal = D7DB86F72542AC8500F52EB3 /* Project object */;
			proxyType = 1;
			remoteGlobalIDString = D7DB86FE2542AC8500F52EB3;
			remoteInfo = VirtualTourist;
		};
		D7DB87242542AC8700F52EB3 /* PBXContainerItemProxy */ = {
			isa = PBXContainerItemProxy;
			containerPortal = D7DB86F72542AC8500F52EB3 /* Project object */;
			proxyType = 1;
			remoteGlobalIDString = D7DB86FE2542AC8500F52EB3;
			remoteInfo = VirtualTourist;
		};
/* End PBXContainerItemProxy section */

/* Begin PBXFileReference section */
		D76F0B2D2546CD85009725FE /* flickrSearch.swift */ = {isa = PBXFileReference; lastKnownFileType = sourcecode.swift; path = flickrSearch.swift; sourceTree = "<group>"; };
		D76F0B322546CDF2009725FE /* Photos.swift */ = {isa = PBXFileReference; lastKnownFileType = sourcecode.swift; path = Photos.swift; sourceTree = "<group>"; };
		D76F0B372546CE47009725FE /* Photo.swift */ = {isa = PBXFileReference; lastKnownFileType = sourcecode.swift; path = Photo.swift; sourceTree = "<group>"; };
		D76F0B442546FC51009725FE /* PhotoCellView.swift */ = {isa = PBXFileReference; lastKnownFileType = sourcecode.swift; path = PhotoCellView.swift; sourceTree = "<group>"; };
		D76F0B7E2547066C009725FE /* VirtualTourist.xcdatamodel */ = {isa = PBXFileReference; lastKnownFileType = wrapper.xcdatamodel; path = VirtualTourist.xcdatamodel; sourceTree = "<group>"; };
		D76F0B9C254802BF009725FE /* Pin+CoreDataClass.swift */ = {isa = PBXFileReference; lastKnownFileType = sourcecode.swift; name = "Pin+CoreDataClass.swift"; path = "VirtualTourist/Model/Pin+CoreDataClass.swift"; sourceTree = "<group>"; };
		D76F0B9D254802BF009725FE /* Pin+CoreDataProperties.swift */ = {isa = PBXFileReference; lastKnownFileType = sourcecode.swift; name = "Pin+CoreDataProperties.swift"; path = "VirtualTourist/Model/Pin+CoreDataProperties.swift"; sourceTree = "<group>"; };
		D76F0BBD25484D4D009725FE /* DataModel.swift */ = {isa = PBXFileReference; lastKnownFileType = sourcecode.swift; path = DataModel.swift; sourceTree = "<group>"; };
		D77CAA2E2542E0A00083ABF2 /* DataController.swift */ = {isa = PBXFileReference; lastKnownFileType = sourcecode.swift; path = DataController.swift; sourceTree = "<group>"; };
		D7DB86FF2542AC8500F52EB3 /* VirtualTourist.app */ = {isa = PBXFileReference; explicitFileType = wrapper.application; includeInIndex = 0; path = VirtualTourist.app; sourceTree = BUILT_PRODUCTS_DIR; };
		D7DB87022542AC8500F52EB3 /* AppDelegate.swift */ = {isa = PBXFileReference; lastKnownFileType = sourcecode.swift; path = AppDelegate.swift; sourceTree = "<group>"; };
		D7DB87042542AC8500F52EB3 /* SceneDelegate.swift */ = {isa = PBXFileReference; lastKnownFileType = sourcecode.swift; path = SceneDelegate.swift; sourceTree = "<group>"; };
		D7DB87062542AC8500F52EB3 /* MapViewController.swift */ = {isa = PBXFileReference; lastKnownFileType = sourcecode.swift; path = MapViewController.swift; sourceTree = "<group>"; };
		D7DB87092542AC8500F52EB3 /* Base */ = {isa = PBXFileReference; lastKnownFileType = file.storyboard; name = Base; path = Base.lproj/Main.storyboard; sourceTree = "<group>"; };
		D7DB870E2542AC8600F52EB3 /* Assets.xcassets */ = {isa = PBXFileReference; lastKnownFileType = folder.assetcatalog; path = Assets.xcassets; sourceTree = "<group>"; };
		D7DB87112542AC8600F52EB3 /* Base */ = {isa = PBXFileReference; lastKnownFileType = file.storyboard; name = Base; path = Base.lproj/LaunchScreen.storyboard; sourceTree = "<group>"; };
		D7DB87132542AC8600F52EB3 /* Info.plist */ = {isa = PBXFileReference; lastKnownFileType = text.plist.xml; path = Info.plist; sourceTree = "<group>"; };
		D7DB87182542AC8700F52EB3 /* VirtualTouristTests.xctest */ = {isa = PBXFileReference; explicitFileType = wrapper.cfbundle; includeInIndex = 0; path = VirtualTouristTests.xctest; sourceTree = BUILT_PRODUCTS_DIR; };
		D7DB871C2542AC8700F52EB3 /* VirtualTouristTests.swift */ = {isa = PBXFileReference; lastKnownFileType = sourcecode.swift; path = VirtualTouristTests.swift; sourceTree = "<group>"; };
		D7DB871E2542AC8700F52EB3 /* Info.plist */ = {isa = PBXFileReference; lastKnownFileType = text.plist.xml; path = Info.plist; sourceTree = "<group>"; };
		D7DB87232542AC8700F52EB3 /* VirtualTouristUITests.xctest */ = {isa = PBXFileReference; explicitFileType = wrapper.cfbundle; includeInIndex = 0; path = VirtualTouristUITests.xctest; sourceTree = BUILT_PRODUCTS_DIR; };
		D7DB87272542AC8700F52EB3 /* VirtualTouristUITests.swift */ = {isa = PBXFileReference; lastKnownFileType = sourcecode.swift; path = VirtualTouristUITests.swift; sourceTree = "<group>"; };
		D7DB87292542AC8700F52EB3 /* Info.plist */ = {isa = PBXFileReference; lastKnownFileType = text.plist.xml; path = Info.plist; sourceTree = "<group>"; };
		D7DB87382542B1B000F52EB3 /* PhotoAlbumCollectionViewController.swift */ = {isa = PBXFileReference; lastKnownFileType = sourcecode.swift; path = PhotoAlbumCollectionViewController.swift; sourceTree = "<group>"; };
		D7DB873F2542B50900F52EB3 /* FlickrClient.swift */ = {isa = PBXFileReference; lastKnownFileType = sourcecode.swift; path = FlickrClient.swift; sourceTree = "<group>"; };
		D7DB874F2542D2ED00F52EB3 /* ErrorResponse.swift */ = {isa = PBXFileReference; lastKnownFileType = sourcecode.swift; path = ErrorResponse.swift; sourceTree = "<group>"; };
/* End PBXFileReference section */

/* Begin PBXFrameworksBuildPhase section */
		D7DB86FC2542AC8500F52EB3 /* Frameworks */ = {
			isa = PBXFrameworksBuildPhase;
			buildActionMask = 2147483647;
			files = (
			);
			runOnlyForDeploymentPostprocessing = 0;
		};
		D7DB87152542AC8700F52EB3 /* Frameworks */ = {
			isa = PBXFrameworksBuildPhase;
			buildActionMask = 2147483647;
			files = (
			);
			runOnlyForDeploymentPostprocessing = 0;
		};
		D7DB87202542AC8700F52EB3 /* Frameworks */ = {
			isa = PBXFrameworksBuildPhase;
			buildActionMask = 2147483647;
			files = (
			);
			runOnlyForDeploymentPostprocessing = 0;
		};
/* End PBXFrameworksBuildPhase section */

/* Begin PBXGroup section */
		D76F0B402546FA8F009725FE /* Assets */ = {
			isa = PBXGroup;
			children = (
				D7DB87082542AC8500F52EB3 /* Main.storyboard */,
				D7DB870E2542AC8600F52EB3 /* Assets.xcassets */,
				D7DB87102542AC8600F52EB3 /* LaunchScreen.storyboard */,
			);
			path = Assets;
			sourceTree = "<group>";
		};
		D7DB86F62542AC8500F52EB3 = {
			isa = PBXGroup;
			children = (
				D76F0B9C254802BF009725FE /* Pin+CoreDataClass.swift */,
				D76F0B9D254802BF009725FE /* Pin+CoreDataProperties.swift */,
				D7DB87012542AC8500F52EB3 /* VirtualTourist */,
				D7DB871B2542AC8700F52EB3 /* VirtualTouristTests */,
				D7DB87262542AC8700F52EB3 /* VirtualTouristUITests */,
				D7DB87002542AC8500F52EB3 /* Products */,
			);
			sourceTree = "<group>";
		};
		D7DB87002542AC8500F52EB3 /* Products */ = {
			isa = PBXGroup;
			children = (
				D7DB86FF2542AC8500F52EB3 /* VirtualTourist.app */,
				D7DB87182542AC8700F52EB3 /* VirtualTouristTests.xctest */,
				D7DB87232542AC8700F52EB3 /* VirtualTouristUITests.xctest */,
			);
			name = Products;
			sourceTree = "<group>";
		};
		D7DB87012542AC8500F52EB3 /* VirtualTourist */ = {
			isa = PBXGroup;
			children = (
				D7DB87022542AC8500F52EB3 /* AppDelegate.swift */,
				D7DB87042542AC8500F52EB3 /* SceneDelegate.swift */,
				D7DB87132542AC8600F52EB3 /* Info.plist */,
				D7DB87462542D06300F52EB3 /* ViewControllers */,
				D7DB87452542D03100F52EB3 /* Model */,
				D7DB87442542D01300F52EB3 /* View */,
				D7DB873D2542B4EA00F52EB3 /* Network */,
				D76F0B402546FA8F009725FE /* Assets */,
			);
			path = VirtualTourist;
			sourceTree = "<group>";
		};
		D7DB871B2542AC8700F52EB3 /* VirtualTouristTests */ = {
			isa = PBXGroup;
			children = (
				D7DB871C2542AC8700F52EB3 /* VirtualTouristTests.swift */,
				D7DB871E2542AC8700F52EB3 /* Info.plist */,
			);
			path = VirtualTouristTests;
			sourceTree = "<group>";
		};
		D7DB87262542AC8700F52EB3 /* VirtualTouristUITests */ = {
			isa = PBXGroup;
			children = (
				D7DB87272542AC8700F52EB3 /* VirtualTouristUITests.swift */,
				D7DB87292542AC8700F52EB3 /* Info.plist */,
			);
			path = VirtualTouristUITests;
			sourceTree = "<group>";
		};
		D7DB873D2542B4EA00F52EB3 /* Network */ = {
			isa = PBXGroup;
			children = (
				D7DB874E2542D2C300F52EB3 /* Response */,
				D7DB874D2542D2BF00F52EB3 /* Error */,
				D7DB873E2542B4F400F52EB3 /* Flickr Client */,
			);
			path = Network;
			sourceTree = "<group>";
		};
		D7DB873E2542B4F400F52EB3 /* Flickr Client */ = {
			isa = PBXGroup;
			children = (
				D7DB873F2542B50900F52EB3 /* FlickrClient.swift */,
			);
			path = "Flickr Client";
			sourceTree = "<group>";
		};
		D7DB87442542D01300F52EB3 /* View */ = {
			isa = PBXGroup;
			children = (
				D76F0B442546FC51009725FE /* PhotoCellView.swift */,
			);
			path = View;
			sourceTree = "<group>";
		};
		D7DB87452542D03100F52EB3 /* Model */ = {
			isa = PBXGroup;
			children = (
				D77CAA2E2542E0A00083ABF2 /* DataController.swift */,
				D76F0B7D2547066C009725FE /* VirtualTourist.xcdatamodeld */,
				D76F0BBD25484D4D009725FE /* DataModel.swift */,
			);
			path = Model;
			sourceTree = "<group>";
		};
		D7DB87462542D06300F52EB3 /* ViewControllers */ = {
			isa = PBXGroup;
			children = (
				D7DB87382542B1B000F52EB3 /* PhotoAlbumCollectionViewController.swift */,
				D7DB87062542AC8500F52EB3 /* MapViewController.swift */,
			);
			path = ViewControllers;
			sourceTree = "<group>";
		};
		D7DB874D2542D2BF00F52EB3 /* Error */ = {
			isa = PBXGroup;
			children = (
				D7DB874F2542D2ED00F52EB3 /* ErrorResponse.swift */,
			);
			path = Error;
			sourceTree = "<group>";
		};
		D7DB874E2542D2C300F52EB3 /* Response */ = {
			isa = PBXGroup;
			children = (
				D76F0B2D2546CD85009725FE /* flickrSearch.swift */,
				D76F0B322546CDF2009725FE /* Photos.swift */,
				D76F0B372546CE47009725FE /* Photo.swift */,
			);
			path = Response;
			sourceTree = "<group>";
		};
/* End PBXGroup section */

/* Begin PBXNativeTarget section */
		D7DB86FE2542AC8500F52EB3 /* VirtualTourist */ = {
			isa = PBXNativeTarget;
			buildConfigurationList = D7DB872C2542AC8700F52EB3 /* Build configuration list for PBXNativeTarget "VirtualTourist" */;
			buildPhases = (
				D7DB86FB2542AC8500F52EB3 /* Sources */,
				D7DB86FC2542AC8500F52EB3 /* Frameworks */,
				D7DB86FD2542AC8500F52EB3 /* Resources */,
			);
			buildRules = (
			);
			dependencies = (
			);
			name = VirtualTourist;
			productName = VirtualTourist;
			productReference = D7DB86FF2542AC8500F52EB3 /* VirtualTourist.app */;
			productType = "com.apple.product-type.application";
		};
		D7DB87172542AC8700F52EB3 /* VirtualTouristTests */ = {
			isa = PBXNativeTarget;
			buildConfigurationList = D7DB872F2542AC8700F52EB3 /* Build configuration list for PBXNativeTarget "VirtualTouristTests" */;
			buildPhases = (
				D7DB87142542AC8700F52EB3 /* Sources */,
				D7DB87152542AC8700F52EB3 /* Frameworks */,
				D7DB87162542AC8700F52EB3 /* Resources */,
			);
			buildRules = (
			);
			dependencies = (
				D7DB871A2542AC8700F52EB3 /* PBXTargetDependency */,
			);
			name = VirtualTouristTests;
			productName = VirtualTouristTests;
			productReference = D7DB87182542AC8700F52EB3 /* VirtualTouristTests.xctest */;
			productType = "com.apple.product-type.bundle.unit-test";
		};
		D7DB87222542AC8700F52EB3 /* VirtualTouristUITests */ = {
			isa = PBXNativeTarget;
			buildConfigurationList = D7DB87322542AC8700F52EB3 /* Build configuration list for PBXNativeTarget "VirtualTouristUITests" */;
			buildPhases = (
				D7DB871F2542AC8700F52EB3 /* Sources */,
				D7DB87202542AC8700F52EB3 /* Frameworks */,
				D7DB87212542AC8700F52EB3 /* Resources */,
			);
			buildRules = (
			);
			dependencies = (
				D7DB87252542AC8700F52EB3 /* PBXTargetDependency */,
			);
			name = VirtualTouristUITests;
			productName = VirtualTouristUITests;
			productReference = D7DB87232542AC8700F52EB3 /* VirtualTouristUITests.xctest */;
			productType = "com.apple.product-type.bundle.ui-testing";
		};
/* End PBXNativeTarget section */

/* Begin PBXProject section */
		D7DB86F72542AC8500F52EB3 /* Project object */ = {
			isa = PBXProject;
			attributes = {
				LastSwiftUpdateCheck = 1210;
				LastUpgradeCheck = 1210;
				TargetAttributes = {
					D7DB86FE2542AC8500F52EB3 = {
						CreatedOnToolsVersion = 12.1;
					};
					D7DB87172542AC8700F52EB3 = {
						CreatedOnToolsVersion = 12.1;
						TestTargetID = D7DB86FE2542AC8500F52EB3;
					};
					D7DB87222542AC8700F52EB3 = {
						CreatedOnToolsVersion = 12.1;
						TestTargetID = D7DB86FE2542AC8500F52EB3;
					};
				};
			};
			buildConfigurationList = D7DB86FA2542AC8500F52EB3 /* Build configuration list for PBXProject "VirtualTourist" */;
			compatibilityVersion = "Xcode 9.3";
			developmentRegion = en;
			hasScannedForEncodings = 0;
			knownRegions = (
				en,
				Base,
			);
			mainGroup = D7DB86F62542AC8500F52EB3;
			productRefGroup = D7DB87002542AC8500F52EB3 /* Products */;
			projectDirPath = "";
			projectRoot = "";
			targets = (
				D7DB86FE2542AC8500F52EB3 /* VirtualTourist */,
				D7DB87172542AC8700F52EB3 /* VirtualTouristTests */,
				D7DB87222542AC8700F52EB3 /* VirtualTouristUITests */,
			);
		};
/* End PBXProject section */

/* Begin PBXResourcesBuildPhase section */
		D7DB86FD2542AC8500F52EB3 /* Resources */ = {
			isa = PBXResourcesBuildPhase;
			buildActionMask = 2147483647;
			files = (
				D7DB87122542AC8600F52EB3 /* LaunchScreen.storyboard in Resources */,
				D7DB870F2542AC8600F52EB3 /* Assets.xcassets in Resources */,
				D7DB870A2542AC8500F52EB3 /* Main.storyboard in Resources */,
			);
			runOnlyForDeploymentPostprocessing = 0;
		};
		D7DB87162542AC8700F52EB3 /* Resources */ = {
			isa = PBXResourcesBuildPhase;
			buildActionMask = 2147483647;
			files = (
			);
			runOnlyForDeploymentPostprocessing = 0;
		};
		D7DB87212542AC8700F52EB3 /* Resources */ = {
			isa = PBXResourcesBuildPhase;
			buildActionMask = 2147483647;
			files = (
			);
			runOnlyForDeploymentPostprocessing = 0;
		};
/* End PBXResourcesBuildPhase section */

/* Begin PBXSourcesBuildPhase section */
		D7DB86FB2542AC8500F52EB3 /* Sources */ = {
			isa = PBXSourcesBuildPhase;
			buildActionMask = 2147483647;
			files = (
				D76F0B382546CE47009725FE /* Photo.swift in Sources */,
				D7DB87392542B1B000F52EB3 /* PhotoAlbumCollectionViewController.swift in Sources */,
				D7DB87072542AC8500F52EB3 /* MapViewController.swift in Sources */,
				D76F0B2E2546CD85009725FE /* flickrSearch.swift in Sources */,
				D76F0BA0254802BF009725FE /* Pin+CoreDataClass.swift in Sources */,
				D76F0BBE25484D4D009725FE /* DataModel.swift in Sources */,
				D76F0B332546CDF2009725FE /* Photos.swift in Sources */,
				D77CAA2F2542E0A00083ABF2 /* DataController.swift in Sources */,
				D76F0BA1254802BF009725FE /* Pin+CoreDataProperties.swift in Sources */,
				D76F0B452546FC51009725FE /* PhotoCellView.swift in Sources */,
				D7DB87032542AC8500F52EB3 /* AppDelegate.swift in Sources */,
				D76F0B7F2547066C009725FE /* VirtualTourist.xcdatamodeld in Sources */,
				D7DB87052542AC8500F52EB3 /* SceneDelegate.swift in Sources */,
				D7DB87402542B50900F52EB3 /* FlickrClient.swift in Sources */,
				D7DB87502542D2ED00F52EB3 /* ErrorResponse.swift in Sources */,
			);
			runOnlyForDeploymentPostprocessing = 0;
		};
		D7DB87142542AC8700F52EB3 /* Sources */ = {
			isa = PBXSourcesBuildPhase;
			buildActionMask = 2147483647;
			files = (
				D7DB871D2542AC8700F52EB3 /* VirtualTouristTests.swift in Sources */,
			);
			runOnlyForDeploymentPostprocessing = 0;
		};
		D7DB871F2542AC8700F52EB3 /* Sources */ = {
			isa = PBXSourcesBuildPhase;
			buildActionMask = 2147483647;
			files = (
				D7DB87282542AC8700F52EB3 /* VirtualTouristUITests.swift in Sources */,
			);
			runOnlyForDeploymentPostprocessing = 0;
		};
/* End PBXSourcesBuildPhase section */

/* Begin PBXTargetDependency section */
		D7DB871A2542AC8700F52EB3 /* PBXTargetDependency */ = {
			isa = PBXTargetDependency;
			target = D7DB86FE2542AC8500F52EB3 /* VirtualTourist */;
			targetProxy = D7DB87192542AC8700F52EB3 /* PBXContainerItemProxy */;
		};
		D7DB87252542AC8700F52EB3 /* PBXTargetDependency */ = {
			isa = PBXTargetDependency;
			target = D7DB86FE2542AC8500F52EB3 /* VirtualTourist */;
			targetProxy = D7DB87242542AC8700F52EB3 /* PBXContainerItemProxy */;
		};
/* End PBXTargetDependency section */

/* Begin PBXVariantGroup section */
		D7DB87082542AC8500F52EB3 /* Main.storyboard */ = {
			isa = PBXVariantGroup;
			children = (
				D7DB87092542AC8500F52EB3 /* Base */,
			);
			name = Main.storyboard;
			sourceTree = "<group>";
		};
		D7DB87102542AC8600F52EB3 /* LaunchScreen.storyboard */ = {
			isa = PBXVariantGroup;
			children = (
				D7DB87112542AC8600F52EB3 /* Base */,
			);
			name = LaunchScreen.storyboard;
			sourceTree = "<group>";
		};
/* End PBXVariantGroup section */

/* Begin XCBuildConfiguration section */
		D7DB872A2542AC8700F52EB3 /* Debug */ = {
			isa = XCBuildConfiguration;
			buildSettings = {
				ALWAYS_SEARCH_USER_PATHS = NO;
				CLANG_ANALYZER_NONNULL = YES;
				CLANG_ANALYZER_NUMBER_OBJECT_CONVERSION = YES_AGGRESSIVE;
				CLANG_CXX_LANGUAGE_STANDARD = "gnu++14";
				CLANG_CXX_LIBRARY = "libc++";
				CLANG_ENABLE_MODULES = YES;
				CLANG_ENABLE_OBJC_ARC = YES;
				CLANG_ENABLE_OBJC_WEAK = YES;
				CLANG_WARN_BLOCK_CAPTURE_AUTORELEASING = YES;
				CLANG_WARN_BOOL_CONVERSION = YES;
				CLANG_WARN_COMMA = YES;
				CLANG_WARN_CONSTANT_CONVERSION = YES;
				CLANG_WARN_DEPRECATED_OBJC_IMPLEMENTATIONS = YES;
				CLANG_WARN_DIRECT_OBJC_ISA_USAGE = YES_ERROR;
				CLANG_WARN_DOCUMENTATION_COMMENTS = YES;
				CLANG_WARN_EMPTY_BODY = YES;
				CLANG_WARN_ENUM_CONVERSION = YES;
				CLANG_WARN_INFINITE_RECURSION = YES;
				CLANG_WARN_INT_CONVERSION = YES;
				CLANG_WARN_NON_LITERAL_NULL_CONVERSION = YES;
				CLANG_WARN_OBJC_IMPLICIT_RETAIN_SELF = YES;
				CLANG_WARN_OBJC_LITERAL_CONVERSION = YES;
				CLANG_WARN_OBJC_ROOT_CLASS = YES_ERROR;
				CLANG_WARN_QUOTED_INCLUDE_IN_FRAMEWORK_HEADER = YES;
				CLANG_WARN_RANGE_LOOP_ANALYSIS = YES;
				CLANG_WARN_STRICT_PROTOTYPES = YES;
				CLANG_WARN_SUSPICIOUS_MOVE = YES;
				CLANG_WARN_UNGUARDED_AVAILABILITY = YES_AGGRESSIVE;
				CLANG_WARN_UNREACHABLE_CODE = YES;
				CLANG_WARN__DUPLICATE_METHOD_MATCH = YES;
				COPY_PHASE_STRIP = NO;
				DEBUG_INFORMATION_FORMAT = dwarf;
				ENABLE_STRICT_OBJC_MSGSEND = YES;
				ENABLE_TESTABILITY = YES;
				GCC_C_LANGUAGE_STANDARD = gnu11;
				GCC_DYNAMIC_NO_PIC = NO;
				GCC_NO_COMMON_BLOCKS = YES;
				GCC_OPTIMIZATION_LEVEL = 0;
				GCC_PREPROCESSOR_DEFINITIONS = (
					"DEBUG=1",
					"$(inherited)",
				);
				GCC_WARN_64_TO_32_BIT_CONVERSION = YES;
				GCC_WARN_ABOUT_RETURN_TYPE = YES_ERROR;
				GCC_WARN_UNDECLARED_SELECTOR = YES;
				GCC_WARN_UNINITIALIZED_AUTOS = YES_AGGRESSIVE;
				GCC_WARN_UNUSED_FUNCTION = YES;
				GCC_WARN_UNUSED_VARIABLE = YES;
				IPHONEOS_DEPLOYMENT_TARGET = 14.1;
				MTL_ENABLE_DEBUG_INFO = INCLUDE_SOURCE;
				MTL_FAST_MATH = YES;
				ONLY_ACTIVE_ARCH = YES;
				SDKROOT = iphoneos;
				SWIFT_ACTIVE_COMPILATION_CONDITIONS = DEBUG;
				SWIFT_OPTIMIZATION_LEVEL = "-Onone";
			};
			name = Debug;
		};
		D7DB872B2542AC8700F52EB3 /* Release */ = {
			isa = XCBuildConfiguration;
			buildSettings = {
				ALWAYS_SEARCH_USER_PATHS = NO;
				CLANG_ANALYZER_NONNULL = YES;
				CLANG_ANALYZER_NUMBER_OBJECT_CONVERSION = YES_AGGRESSIVE;
				CLANG_CXX_LANGUAGE_STANDARD = "gnu++14";
				CLANG_CXX_LIBRARY = "libc++";
				CLANG_ENABLE_MODULES = YES;
				CLANG_ENABLE_OBJC_ARC = YES;
				CLANG_ENABLE_OBJC_WEAK = YES;
				CLANG_WARN_BLOCK_CAPTURE_AUTORELEASING = YES;
				CLANG_WARN_BOOL_CONVERSION = YES;
				CLANG_WARN_COMMA = YES;
				CLANG_WARN_CONSTANT_CONVERSION = YES;
				CLANG_WARN_DEPRECATED_OBJC_IMPLEMENTATIONS = YES;
				CLANG_WARN_DIRECT_OBJC_ISA_USAGE = YES_ERROR;
				CLANG_WARN_DOCUMENTATION_COMMENTS = YES;
				CLANG_WARN_EMPTY_BODY = YES;
				CLANG_WARN_ENUM_CONVERSION = YES;
				CLANG_WARN_INFINITE_RECURSION = YES;
				CLANG_WARN_INT_CONVERSION = YES;
				CLANG_WARN_NON_LITERAL_NULL_CONVERSION = YES;
				CLANG_WARN_OBJC_IMPLICIT_RETAIN_SELF = YES;
				CLANG_WARN_OBJC_LITERAL_CONVERSION = YES;
				CLANG_WARN_OBJC_ROOT_CLASS = YES_ERROR;
				CLANG_WARN_QUOTED_INCLUDE_IN_FRAMEWORK_HEADER = YES;
				CLANG_WARN_RANGE_LOOP_ANALYSIS = YES;
				CLANG_WARN_STRICT_PROTOTYPES = YES;
				CLANG_WARN_SUSPICIOUS_MOVE = YES;
				CLANG_WARN_UNGUARDED_AVAILABILITY = YES_AGGRESSIVE;
				CLANG_WARN_UNREACHABLE_CODE = YES;
				CLANG_WARN__DUPLICATE_METHOD_MATCH = YES;
				COPY_PHASE_STRIP = NO;
				DEBUG_INFORMATION_FORMAT = "dwarf-with-dsym";
				ENABLE_NS_ASSERTIONS = NO;
				ENABLE_STRICT_OBJC_MSGSEND = YES;
				GCC_C_LANGUAGE_STANDARD = gnu11;
				GCC_NO_COMMON_BLOCKS = YES;
				GCC_WARN_64_TO_32_BIT_CONVERSION = YES;
				GCC_WARN_ABOUT_RETURN_TYPE = YES_ERROR;
				GCC_WARN_UNDECLARED_SELECTOR = YES;
				GCC_WARN_UNINITIALIZED_AUTOS = YES_AGGRESSIVE;
				GCC_WARN_UNUSED_FUNCTION = YES;
				GCC_WARN_UNUSED_VARIABLE = YES;
				IPHONEOS_DEPLOYMENT_TARGET = 14.1;
				MTL_ENABLE_DEBUG_INFO = NO;
				MTL_FAST_MATH = YES;
				SDKROOT = iphoneos;
				SWIFT_COMPILATION_MODE = wholemodule;
				SWIFT_OPTIMIZATION_LEVEL = "-O";
				VALIDATE_PRODUCT = YES;
			};
			name = Release;
		};
		D7DB872D2542AC8700F52EB3 /* Debug */ = {
			isa = XCBuildConfiguration;
			buildSettings = {
				ASSETCATALOG_COMPILER_APPICON_NAME = AppIcon;
				ASSETCATALOG_COMPILER_GLOBAL_ACCENT_COLOR_NAME = AccentColor;
				CODE_SIGN_STYLE = Automatic;
				DEVELOPMENT_TEAM = 669TN7C647;
				INFOPLIST_FILE = VirtualTourist/Info.plist;
				LD_RUNPATH_SEARCH_PATHS = (
					"$(inherited)",
					"@executable_path/Frameworks",
				);
				PRODUCT_BUNDLE_IDENTIFIER = com.kurs.VirtualTourist;
				PRODUCT_NAME = "$(TARGET_NAME)";
				SWIFT_VERSION = 5.0;
				TARGETED_DEVICE_FAMILY = "1,2";
			};
			name = Debug;
		};
		D7DB872E2542AC8700F52EB3 /* Release */ = {
			isa = XCBuildConfiguration;
			buildSettings = {
				ASSETCATALOG_COMPILER_APPICON_NAME = AppIcon;
				ASSETCATALOG_COMPILER_GLOBAL_ACCENT_COLOR_NAME = AccentColor;
				CODE_SIGN_STYLE = Automatic;
				DEVELOPMENT_TEAM = 669TN7C647;
				INFOPLIST_FILE = VirtualTourist/Info.plist;
				LD_RUNPATH_SEARCH_PATHS = (
					"$(inherited)",
					"@executable_path/Frameworks",
				);
				PRODUCT_BUNDLE_IDENTIFIER = com.kurs.VirtualTourist;
				PRODUCT_NAME = "$(TARGET_NAME)";
				SWIFT_VERSION = 5.0;
				TARGETED_DEVICE_FAMILY = "1,2";
			};
			name = Release;
		};
		D7DB87302542AC8700F52EB3 /* Debug */ = {
			isa = XCBuildConfiguration;
			buildSettings = {
				ALWAYS_EMBED_SWIFT_STANDARD_LIBRARIES = YES;
				BUNDLE_LOADER = "$(TEST_HOST)";
				CODE_SIGN_STYLE = Automatic;
				DEVELOPMENT_TEAM = 669TN7C647;
				INFOPLIST_FILE = VirtualTouristTests/Info.plist;
				IPHONEOS_DEPLOYMENT_TARGET = 14.1;
				LD_RUNPATH_SEARCH_PATHS = (
					"$(inherited)",
					"@executable_path/Frameworks",
					"@loader_path/Frameworks",
				);
				PRODUCT_BUNDLE_IDENTIFIER = com.kurs.VirtualTouristTests;
				PRODUCT_NAME = "$(TARGET_NAME)";
				SWIFT_VERSION = 5.0;
				TARGETED_DEVICE_FAMILY = "1,2";
				TEST_HOST = "$(BUILT_PRODUCTS_DIR)/VirtualTourist.app/VirtualTourist";
			};
			name = Debug;
		};
		D7DB87312542AC8700F52EB3 /* Release */ = {
			isa = XCBuildConfiguration;
			buildSettings = {
				ALWAYS_EMBED_SWIFT_STANDARD_LIBRARIES = YES;
				BUNDLE_LOADER = "$(TEST_HOST)";
				CODE_SIGN_STYLE = Automatic;
				DEVELOPMENT_TEAM = 669TN7C647;
				INFOPLIST_FILE = VirtualTouristTests/Info.plist;
				IPHONEOS_DEPLOYMENT_TARGET = 14.1;
				LD_RUNPATH_SEARCH_PATHS = (
					"$(inherited)",
					"@executable_path/Frameworks",
					"@loader_path/Frameworks",
				);
				PRODUCT_BUNDLE_IDENTIFIER = com.kurs.VirtualTouristTests;
				PRODUCT_NAME = "$(TARGET_NAME)";
				SWIFT_VERSION = 5.0;
				TARGETED_DEVICE_FAMILY = "1,2";
				TEST_HOST = "$(BUILT_PRODUCTS_DIR)/VirtualTourist.app/VirtualTourist";
			};
			name = Release;
		};
		D7DB87332542AC8700F52EB3 /* Debug */ = {
			isa = XCBuildConfiguration;
			buildSettings = {
				ALWAYS_EMBED_SWIFT_STANDARD_LIBRARIES = YES;
				CODE_SIGN_STYLE = Automatic;
				DEVELOPMENT_TEAM = 669TN7C647;
				INFOPLIST_FILE = VirtualTouristUITests/Info.plist;
				LD_RUNPATH_SEARCH_PATHS = (
					"$(inherited)",
					"@executable_path/Frameworks",
					"@loader_path/Frameworks",
				);
				PRODUCT_BUNDLE_IDENTIFIER = com.kurs.VirtualTouristUITests;
				PRODUCT_NAME = "$(TARGET_NAME)";
				SWIFT_VERSION = 5.0;
				TARGETED_DEVICE_FAMILY = "1,2";
				TEST_TARGET_NAME = VirtualTourist;
			};
			name = Debug;
		};
		D7DB87342542AC8700F52EB3 /* Release */ = {
			isa = XCBuildConfiguration;
			buildSettings = {
				ALWAYS_EMBED_SWIFT_STANDARD_LIBRARIES = YES;
				CODE_SIGN_STYLE = Automatic;
				DEVELOPMENT_TEAM = 669TN7C647;
				INFOPLIST_FILE = VirtualTouristUITests/Info.plist;
				LD_RUNPATH_SEARCH_PATHS = (
					"$(inherited)",
					"@executable_path/Frameworks",
					"@loader_path/Frameworks",
				);
				PRODUCT_BUNDLE_IDENTIFIER = com.kurs.VirtualTouristUITests;
				PRODUCT_NAME = "$(TARGET_NAME)";
				SWIFT_VERSION = 5.0;
				TARGETED_DEVICE_FAMILY = "1,2";
				TEST_TARGET_NAME = VirtualTourist;
			};
			name = Release;
		};
/* End XCBuildConfiguration section */

/* Begin XCConfigurationList section */
		D7DB86FA2542AC8500F52EB3 /* Build configuration list for PBXProject "VirtualTourist" */ = {
			isa = XCConfigurationList;
			buildConfigurations = (
				D7DB872A2542AC8700F52EB3 /* Debug */,
				D7DB872B2542AC8700F52EB3 /* Release */,
			);
			defaultConfigurationIsVisible = 0;
			defaultConfigurationName = Release;
		};
		D7DB872C2542AC8700F52EB3 /* Build configuration list for PBXNativeTarget "VirtualTourist" */ = {
			isa = XCConfigurationList;
			buildConfigurations = (
				D7DB872D2542AC8700F52EB3 /* Debug */,
				D7DB872E2542AC8700F52EB3 /* Release */,
			);
			defaultConfigurationIsVisible = 0;
			defaultConfigurationName = Release;
		};
		D7DB872F2542AC8700F52EB3 /* Build configuration list for PBXNativeTarget "VirtualTouristTests" */ = {
			isa = XCConfigurationList;
			buildConfigurations = (
				D7DB87302542AC8700F52EB3 /* Debug */,
				D7DB87312542AC8700F52EB3 /* Release */,
			);
			defaultConfigurationIsVisible = 0;
			defaultConfigurationName = Release;
		};
		D7DB87322542AC8700F52EB3 /* Build configuration list for PBXNativeTarget "VirtualTouristUITests" */ = {
			isa = XCConfigurationList;
			buildConfigurations = (
				D7DB87332542AC8700F52EB3 /* Debug */,
				D7DB87342542AC8700F52EB3 /* Release */,
			);
			defaultConfigurationIsVisible = 0;
			defaultConfigurationName = Release;
		};
/* End XCConfigurationList section */

/* Begin XCVersionGroup section */
		D76F0B7D2547066C009725FE /* VirtualTourist.xcdatamodeld */ = {
			isa = XCVersionGroup;
			children = (
				D76F0B7E2547066C009725FE /* VirtualTourist.xcdatamodel */,
			);
			currentVersion = D76F0B7E2547066C009725FE /* VirtualTourist.xcdatamodel */;
			path = VirtualTourist.xcdatamodeld;
			sourceTree = "<group>";
			versionGroupType = wrapper.xcdatamodel;
		};
/* End XCVersionGroup section */
	};
	rootObject = D7DB86F72542AC8500F52EB3 /* Project object */;
}
